
Microsoft Visual Studio Solution File, Format Version 12.00
# Visual Studio 2012
Project("{FAE04EC0-301F-11D3-BF4B-00C04F79EFBC}") = "WindowsService1", "WindowsService1\WindowsService1.csproj", "{165F778C-098C-4CE6-8C44-B822DB6803ED}"
EndProject
Global
	GlobalSection(SolutionConfigurationPlatforms) = preSolution
		Debug|Any CPU = Debug|Any CPU
		Release|Any CPU = Release|Any CPU
	EndGlobalSection
	GlobalSection(ProjectConfigurationPlatforms) = postSolution
		{165F778C-098C-4CE6-8C44-B822DB6803ED}.Debug|Any CPU.ActiveCfg = Debug|Any CPU
		{165F778C-098C-4CE6-8C44-B822DB6803ED}.Debug|Any CPU.Build.0 = Debug|Any CPU
		{165F778C-098C-4CE6-8C44-B822DB6803ED}.Release|Any CPU.ActiveCfg = Release|Any CPU
		{165F778C-098C-4CE6-8C44-B822DB6803ED}.Release|Any CPU.Build.0 = Release|Any CPU
	EndGlobalSection
	GlobalSection(SolutionProperties) = preSolution
		HideSolutionNode = FALSE
	EndGlobalSection
EndGlobal
