
Microsoft Visual Studio Solution File, Format Version 12.00
# Visual Studio 2012
Project("{8BC9CEB8-8B4A-11D0-8D11-00A0C91BC942}") = "MFCApplication1", "MFCApplication1\MFCApplication1.vcxproj", "{6ED7DDD9-87B9-4B50-9A93-702A692A5E65}"
EndProject
Global
	GlobalSection(SolutionConfigurationPlatforms) = preSolution
		Debug|Win32 = Debug|Win32
		Release|Win32 = Release|Win32
	EndGlobalSection
	GlobalSection(ProjectConfigurationPlatforms) = postSolution
		{6ED7DDD9-87B9-4B50-9A93-702A692A5E65}.Debug|Win32.ActiveCfg = Debug|Win32
		{6ED7DDD9-87B9-4B50-9A93-702A692A5E65}.Debug|Win32.Build.0 = Debug|Win32
		{6ED7DDD9-87B9-4B50-9A93-702A692A5E65}.Release|Win32.ActiveCfg = Release|Win32
		{6ED7DDD9-87B9-4B50-9A93-702A692A5E65}.Release|Win32.Build.0 = Release|Win32
	EndGlobalSection
	GlobalSection(SolutionProperties) = preSolution
		HideSolutionNode = FALSE
	EndGlobalSection
EndGlobal
